lockfileVersion: '9.0'

settings:
  autoInstallPeers: true
  excludeLinksFromLockfile: false

importers:

  .:
    devDependencies:
      '@biomejs/biome':
        specifier: 2.4.10
        version: 2.4.10
      lefthook:
        specifier: 2.1.5
        version: 2.1.5
      typescript:
        specifier: 5.9.3
        version: 5.9.3

  packages/cli:
    optionalDependencies:
      '@substructure.ai/cli-darwin-arm64':
        specifier: 0.6.0
        version: 0.6.0
      '@substructure.ai/cli-darwin-x64':
        specifier: 0.6.0
        version: 0.6.0
      '@substructure.ai/cli-linux-arm64':
        specifier: 0.6.0
        version: 0.6.0
      '@substructure.ai/cli-linux-x64':
        specifier: 0.6.0
        version: 0.6.0

packages:

  '@biomejs/biome@2.4.10':
    resolution: {integrity: sha512-xxA3AphFQ1geij4JTHXv4EeSTda1IFn22ye9LdyVPoJU19fNVl0uzfEuhsfQ4Yue/0FaLs2/ccVi4UDiE7R30w==}
    engines: {node: '>=14.21.3'}
    hasBin: true

  '@biomejs/cli-darwin-arm64@2.4.10':
    resolution: {integrity: sha512-vuzzI1cWqDVzOMIkYyHbKqp+AkQq4K7k+UCXWpkYcY/HDn1UxdsbsfgtVpa40shem8Kax4TLDLlx8kMAecgqiw==}
    engines: {node: '>=14.21.3'}
    cpu: [arm64]
    os: [darwin]

  '@biomejs/cli-darwin-x64@2.4.10':
    resolution: {integrity: sha512-14fzASRo+BPotwp7nWULy2W5xeUyFnTaq1V13Etrrxkrih+ez/2QfgFm5Ehtf5vSjtgx/IJycMMpn5kPd5ZNaA==}
    engines: {node: '>=14.21.3'}
    cpu: [x64]
    os: [darwin]

  '@biomejs/cli-linux-arm64-musl@2.4.10':
    resolution: {integrity: sha512-WrJY6UuiSD/Dh+nwK2qOTu8kdMDlLV3dLMmychIghHPAysWFq1/DGC1pVZx8POE3ZkzKR3PUUnVrtZfMfaJjyQ==}
    engines: {node: '>=14.21.3'}
    cpu: [arm64]
    os: [linux]
    libc: [musl]

  '@biomejs/cli-linux-arm64@2.4.10':
    resolution: {integrity: sha512-7MH1CMW5uuxQ/s7FLST63qF8B3Hgu2HRdZ7tA1X1+mk+St4JOuIrqdhIBnnyqeyWJNI+Bww7Es5QZ0wIc1Cmkw==}
    engines: {node: '>=14.21.3'}
    cpu: [arm64]
    os: [linux]
    libc: [glibc]

  '@biomejs/cli-linux-x64-musl@2.4.10':
    resolution: {integrity: sha512-kDTi3pI6PBN6CiczsWYOyP2zk0IJI08EWEQyDMQWW221rPaaEz6FvjLhnU07KMzLv8q3qSuoB93ua6inSQ55Tw==}
    engines: {node: '>=14.21.3'}
    cpu: [x64]
    os: [linux]
    libc: [musl]

  '@biomejs/cli-linux-x64@2.4.10':
    resolution: {integrity: sha512-tZLvEEi2u9Xu1zAqRjTcpIDGVtldigVvzug2fTuPG0ME/g8/mXpRPcNgLB22bGn6FvLJpHHnqLnwliOu8xjYrg==}
    engines: {node: '>=14.21.3'}
    cpu: [x64]
    os: [linux]
    libc: [glibc]

  '@biomejs/cli-win32-arm64@2.4.10':
    resolution: {integrity: sha512-umwQU6qPzH+ISTf/eHyJ/QoQnJs3V9Vpjz2OjZXe9MVBZ7prgGafMy7yYeRGnlmDAn87AKTF3Q6weLoMGpeqdQ==}
    engines: {node: '>=14.21.3'}
    cpu: [arm64]
    os: [win32]

  '@biomejs/cli-win32-x64@2.4.10':
    resolution: {integrity: sha512-aW/JU5GuyH4uxMrNYpoC2kjaHlyJGLgIa3XkhPEZI0uKhZhJZU8BuEyJmvgzSPQNGozBwWjC972RaNdcJ9KyJg==}
    engines: {node: '>=14.21.3'}
    cpu: [x64]
    os: [win32]

  '@substructure.ai/cli-darwin-arm64@0.6.0':
    resolution: {integrity: sha512-0x85hbTieMUomv2CvVRecoOKWpHmhAfd8hARj2XTn3emo6cKlJbBDHAY1Mwhriz63DvyCP+qnTowAcAlfTGcKg==}
    cpu: [arm64]
    os: [darwin]

  '@substructure.ai/cli-darwin-x64@0.6.0':
    resolution: {integrity: sha512-dVXgHBby9dXHmjs/G2M6WWxDjLvEtpSo+XYNHGFnfPLKicWziNBnJHJkG/YtKRVlLpxShzLZCxtPPYz/xgE2bg==}
    cpu: [x64]
    os: [darwin]

  '@substructure.ai/cli-linux-arm64@0.6.0':
    resolution: {integrity: sha512-PXagGSwkkGMWym/hZnm+9qFM1uzkWufEfKVLDcvFtSJPuzhcc5OLFezFokXhVQReXY0pHzHJckNfjyu4yC6l8w==}
    cpu: [arm64]
    os: [linux]
    libc: [glibc]

  '@substructure.ai/cli-linux-x64@0.6.0':
    resolution: {integrity: sha512-b+BCXKOvT3mj0d68BTFSWMCAzHXd2MdIoPWILVUUTpJk5NB+oAQilWuQ1SN0c6FzCRWJHrgsJnnFWlOgTesabw==}
    cpu: [x64]
    os: [linux]
    libc: [glibc]

  lefthook-darwin-arm64@2.1.5:
    resolution: {integrity: sha512-VITTaw8PxxyE26gkZ8UcwIa5ZrWnKNRGLeeSrqri40cQdXvLTEoMq2tjjw7eiL9UcB0waRReDdzydevy9GOPUQ==}
    cpu: [arm64]
    os: [darwin]

  lefthook-darwin-x64@2.1.5:
    resolution: {integrity: sha512-AvtjYiW0BSGHBGrdvL313seUymrW9FxI+6JJwJ+ZSaa2sH81etrTB0wAwlH1L9VfFwK9+gWvatZBvLfF3L4fPw==}
    cpu: [x64]
    os: [darwin]

  lefthook-freebsd-arm64@2.1.5:
    resolution: {integrity: sha512-mXjJwe8jKGWGiBYUxfQY1ab3Nn5NhafqT9q3KJz8m5joGGQj4JD0cbWxF1nVBLBWsDGbWZRZunTCMGcIScT2bQ==}
    cpu: [arm64]
    os: [freebsd]

  lefthook-freebsd-x64@2.1.5:
    resolution: {integrity: sha512-exD69dCjc1K45BxatDPGoH4NmEvgLKPm4kJLOWn1fTeHRKZwWiFPwnjknEoG2OemlCDHmCU++5X40kMEG0WBlA==}
    cpu: [x64]
    os: [freebsd]

  lefthook-linux-arm64@2.1.5:
    resolution: {integrity: sha512-57TDKC5ewWpsCLZQKIJMHumFEObYKVundmPpiWhX491hINRZYYOL/26yrnVnNcidThRzTiTC+HLcuplLcaXtbA==}
    cpu: [arm64]
    os: [linux]

  lefthook-linux-x64@2.1.5:
    resolution: {integrity: sha512-bqK3LrAB5l5YaCaoHk6qRWlITrGWzP4FbwRxA31elbxjd0wgNWZ2Sn3zEfSEcxz442g7/PPkEwqqsTx0kSFzpg==}
    cpu: [x64]
    os: [linux]

  lefthook-openbsd-arm64@2.1.5:
    resolution: {integrity: sha512-5aSwK7vV3A6t0w9PnxCMiVjQlcvopBP50BtmnnLnNJyAYHnFbZ0Baq5M0WkE9IsUkWSux0fe6fd0jDkuG711MA==}
    cpu: [arm64]
    os: [openbsd]

  lefthook-openbsd-x64@2.1.5:
    resolution: {integrity: sha512-Y+pPdDuENJ8qWnUgL02xxhpjblc0WnwXvWGfqnl3WZrAgHzQpwx3G6469RID/wlNVdHYAlw3a8UkFSMYsTzXvA==}
    cpu: [x64]
    os: [openbsd]

  lefthook-windows-arm64@2.1.5:
    resolution: {integrity: sha512-2PlcFBjTzJaMufw0c28kfhB/0zmaRCU0TRPPsil/HU2YNOExod4upPGLk9qjgsOmb2YVWFz6zq6u7+D1yqmzTQ==}
    cpu: [arm64]
    os: [win32]

  lefthook-windows-x64@2.1.5:
    resolution: {integrity: sha512-yiAh8qxml6uqy10jDxOdN9fOQpyLxBFY1fgCEAhn7sVJYmJKRhjqSBwZX6LG5MQjzr29KStrIdw7TR3lf3rT7Q==}
    cpu: [x64]
    os: [win32]

  lefthook@2.1.5:
    resolution: {integrity: sha512-yB9IFWurFllusbPZqvG0EavTmpNXPya2MuO7Li7YT78xAj3uCQ3AgmW9TVUbTTsSMhsegbiAMRpwfEk2TP1P0A==}
    hasBin: true

  typescript@5.9.3:
    resolution: {integrity: sha512-jl1vZzPDinLr9eUt3J/t7V6FgNEw9QjvBPdysz9KfQDD41fQrC2Y4vKQdiaUpFT4bXlb1RHhLpp8wtm6M5TgSw==}
    engines: {node: '>=14.17'}
    hasBin: true

snapshots:

  '@biomejs/biome@2.4.10':
    optionalDependencies:
      '@biomejs/cli-darwin-arm64': 2.4.10
      '@biomejs/cli-darwin-x64': 2.4.10
      '@biomejs/cli-linux-arm64': 2.4.10
      '@biomejs/cli-linux-arm64-musl': 2.4.10
      '@biomejs/cli-linux-x64': 2.4.10
      '@biomejs/cli-linux-x64-musl': 2.4.10
      '@biomejs/cli-win32-arm64': 2.4.10
      '@biomejs/cli-win32-x64': 2.4.10

  '@biomejs/cli-darwin-arm64@2.4.10':
    optional: true

  '@biomejs/cli-darwin-x64@2.4.10':
    optional: true

  '@biomejs/cli-linux-arm64-musl@2.4.10':
    optional: true

  '@biomejs/cli-linux-arm64@2.4.10':
    optional: true

  '@biomejs/cli-linux-x64-musl@2.4.10':
    optional: true

  '@biomejs/cli-linux-x64@2.4.10':
    optional: true

  '@biomejs/cli-win32-arm64@2.4.10':
    optional: true

  '@biomejs/cli-win32-x64@2.4.10':
    optional: true

  '@substructure.ai/cli-darwin-arm64@0.6.0':
    optional: true

  '@substructure.ai/cli-darwin-x64@0.6.0':
    optional: true

  '@substructure.ai/cli-linux-arm64@0.6.0':
    optional: true

  '@substructure.ai/cli-linux-x64@0.6.0':
    optional: true

  lefthook-darwin-arm64@2.1.5:
    optional: true

  lefthook-darwin-x64@2.1.5:
    optional: true

  lefthook-freebsd-arm64@2.1.5:
    optional: true

  lefthook-freebsd-x64@2.1.5:
    optional: true

  lefthook-linux-arm64@2.1.5:
    optional: true

  lefthook-linux-x64@2.1.5:
    optional: true

  lefthook-openbsd-arm64@2.1.5:
    optional: true

  lefthook-openbsd-x64@2.1.5:
    optional: true

  lefthook-windows-arm64@2.1.5:
    optional: true

  lefthook-windows-x64@2.1.5:
    optional: true

  lefthook@2.1.5:
    optionalDependencies:
      lefthook-darwin-arm64: 2.1.5
      lefthook-darwin-x64: 2.1.5
      lefthook-freebsd-arm64: 2.1.5
      lefthook-freebsd-x64: 2.1.5
      lefthook-linux-arm64: 2.1.5
      lefthook-linux-x64: 2.1.5
      lefthook-openbsd-arm64: 2.1.5
      lefthook-openbsd-x64: 2.1.5
      lefthook-windows-arm64: 2.1.5
      lefthook-windows-x64: 2.1.5

  typescript@5.9.3: {}
