{
  "name": "@substructure.ai/example-node-hono-openrouter",
  "lockfileVersion": 3,
  "requires": true,
  "packages": {
    "": {
      "name": "@substructure.ai/example-node-hono-openrouter",
      "dependencies": {
        "@hono/node-server": "2.0.8",
        "hono": "4.12.28",
        "openai": "^6.0.0"
      },
      "devDependencies": {
        "@types/node": "24.12.2",
        "typescript": "5.9.3"
      }
    },
    "node_modules/@hono/node-server": {
      "version": "2.0.8",
      "resolved": "https://registry.npmjs.org/@hono/node-server/-/node-server-2.0.8.tgz",
      "integrity": "sha512-GuCWzLxwg218fy1JaHculFsdcuY12hxit83V+algozTPnwhNjLrRL/Alg9OYjLZLoUZ1rw/S4CdTMsnkSKCmFA==",
      "license": "MIT",
      "engines": {
        "node": ">=20"
      },
      "peerDependencies": {
        "hono": "^4"
      }
    },
    "node_modules/@types/node": {
      "version": "24.12.2",
      "resolved": "https://registry.npmjs.org/@types/node/-/node-24.12.2.tgz",
      "integrity": "sha512-A1sre26ke7HDIuY/M23nd9gfB+nrmhtYyMINbjI1zHJxYteKR6qSMX56FsmjMcDb3SMcjJg5BiRRgOCC/yBD0g==",
      "dev": true,
      "license": "MIT",
      "dependencies": {
        "undici-types": "~7.16.0"
      }
    },
    "node_modules/hono": {
      "version": "4.12.28",
      "resolved": "https://registry.npmjs.org/hono/-/hono-4.12.28.tgz",
      "integrity": "sha512-YwUvVpSF7m1yOblFPrU3Hbo8XhPheBoiyfGuII6z19LnOr6JpDnyyp7LFNrfV56wS8tpvtBFGRISHN02pDdLOA==",
      "license": "MIT",
      "engines": {
        "node": ">=16.9.0"
      }
    },
    "node_modules/openai": {
      "version": "6.47.0",
      "resolved": "https://registry.npmjs.org/openai/-/openai-6.47.0.tgz",
      "integrity": "sha512-xYr+R9woSzWxVxeiqkkNbHhv89tZDEI6eBMbrdPnv3poh+mijHvbhS35a+3o6xHa411/ns8j5ENY3So9DCXWYw==",
      "license": "Apache-2.0",
      "peerDependencies": {
        "@aws-sdk/credential-provider-node": ">=3.972.0 <4",
        "@smithy/hash-node": ">=4.3.0 <5",
        "@smithy/signature-v4": ">=5.4.0 <6",
        "ws": "^8.18.0",
        "zod": "^3.25 || ^4.0"
      },
      "peerDependenciesMeta": {
        "@aws-sdk/credential-provider-node": {
          "optional": true
        },
        "@smithy/hash-node": {
          "optional": true
        },
        "@smithy/signature-v4": {
          "optional": true
        },
        "ws": {
          "optional": true
        },
        "zod": {
          "optional": true
        }
      }
    },
    "node_modules/typescript": {
      "version": "5.9.3",
      "resolved": "https://registry.npmjs.org/typescript/-/typescript-5.9.3.tgz",
      "integrity": "sha512-jl1vZzPDinLr9eUt3J/t7V6FgNEw9QjvBPdysz9KfQDD41fQrC2Y4vKQdiaUpFT4bXlb1RHhLpp8wtm6M5TgSw==",
      "dev": true,
      "license": "Apache-2.0",
      "bin": {
        "tsc": "bin/tsc",
        "tsserver": "bin/tsserver"
      },
      "engines": {
        "node": ">=14.17"
      }
    },
    "node_modules/undici-types": {
      "version": "7.16.0",
      "resolved": "https://registry.npmjs.org/undici-types/-/undici-types-7.16.0.tgz",
      "integrity": "sha512-Zz+aZWSj8LE6zoxD+xrjh4VfkIG8Ya6LvYkZqtUQGJPZjYl53ypCaUwWqo7eI0x66KBGeRo+mlBEkMSeSZ38Nw==",
      "dev": true,
      "license": "MIT"
    }
  }
}
